
Microsoft Visual Studio Solution File, Format Version 12.00
# Visual Studio Version 17
VisualStudioVersion = 17.2.32516.85
MinimumVisualStudioVersion = 10.0.40219.1
Project("{9092AA53-FB77-4645-B42D-1CCCA6BD08BD}") = "ArrayUtil", "ArrayUtil\ArrayUtil.njsproj", "{38C1BBCE-A54A-4EE8-891F-55EF2374CAC3}"
EndProject
Global
	GlobalSection(SolutionConfigurationPlatforms) = preSolution
		Debug|Any CPU = Debug|Any CPU
		Release|Any CPU = Release|Any CPU
	EndGlobalSection
	GlobalSection(ProjectConfigurationPlatforms) = postSolution
		{38C1BBCE-A54A-4EE8-891F-55EF2374CAC3}.Debug|Any CPU.ActiveCfg = Debug|Any CPU
		{38C1BBCE-A54A-4EE8-891F-55EF2374CAC3}.Debug|Any CPU.Build.0 = Debug|Any CPU
		{38C1BBCE-A54A-4EE8-891F-55EF2374CAC3}.Release|Any CPU.ActiveCfg = Release|Any CPU
		{38C1BBCE-A54A-4EE8-891F-55EF2374CAC3}.Release|Any CPU.Build.0 = Release|Any CPU
	EndGlobalSection
	GlobalSection(SolutionProperties) = preSolution
		HideSolutionNode = FALSE
	EndGlobalSection
	GlobalSection(ExtensibilityGlobals) = postSolution
		SolutionGuid = {53665032-1E46-4860-998A-9D4A34A3E31A}
	EndGlobalSection
EndGlobal
